
Microsoft Visual Studio Solution File, Format Version 12.00
# Visual Studio 15
VisualStudioVersion = 15.0.28307.902
MinimumVisualStudioVersion = 10.0.40219.1
Project("{FAE04EC0-301F-11D3-BF4B-00C04F79EFBC}") = "WebCrawler", "WebCrawler\WebCrawler.csproj", "{2B52DEE1-09B1-4631-AC37-089583F08B55}"
EndProject
Project("{FAE04EC0-301F-11D3-BF4B-00C04F79EFBC}") = "WebCrawlerTests", "WebCrawlerTests\WebCrawlerTests.csproj", "{6D4E7B4A-878E-4C04-8210-6129F440F9EA}"
EndProject
Global
	GlobalSection(SolutionConfigurationPlatforms) = preSolution
		Debug|Any CPU = Debug|Any CPU
		Release|Any CPU = Release|Any CPU
	EndGlobalSection
	GlobalSection(ProjectConfigurationPlatforms) = postSolution
		{2B52DEE1-09B1-4631-AC37-089583F08B55}.Debug|Any CPU.ActiveCfg = Debug|Any CPU
		{2B52DEE1-09B1-4631-AC37-089583F08B55}.Debug|Any CPU.Build.0 = Debug|Any CPU
		{2B52DEE1-09B1-4631-AC37-089583F08B55}.Release|Any CPU.ActiveCfg = Release|Any CPU
		{2B52DEE1-09B1-4631-AC37-089583F08B55}.Release|Any CPU.Build.0 = Release|Any CPU
		{6D4E7B4A-878E-4C04-8210-6129F440F9EA}.Debug|Any CPU.ActiveCfg = Debug|Any CPU
		{6D4E7B4A-878E-4C04-8210-6129F440F9EA}.Debug|Any CPU.Build.0 = Debug|Any CPU
		{6D4E7B4A-878E-4C04-8210-6129F440F9EA}.Release|Any CPU.ActiveCfg = Release|Any CPU
		{6D4E7B4A-878E-4C04-8210-6129F440F9EA}.Release|Any CPU.Build.0 = Release|Any CPU
	EndGlobalSection
	GlobalSection(SolutionProperties) = preSolution
		HideSolutionNode = FALSE
	EndGlobalSection
	GlobalSection(ExtensibilityGlobals) = postSolution
		SolutionGuid = {7E56ABB5-5684-4C99-AE9D-E421613499E7}
	EndGlobalSection
EndGlobal
